// !$*UTF8*$!
{
	archiveVersion = 1;
	classes = {
	};
	objectVersion = 55;
	objects = {

/* Begin PBXBuildFile section */
		4B1184C028C0291100CD8275 /* LottieView.swift in Sources */ = {isa = PBXBuildFile; fileRef = 4B1184BF28C0291100CD8275 /* LottieView.swift */; };
		4B32A24A295A837A003629AA /* RectPreference.swift in Sources */ = {isa = PBXBuildFile; fileRef = 4B32A249295A837A003629AA /* RectPreference.swift */; };
		4B32A24C295A83A8003629AA /* SegmentedControlView.swift in Sources */ = {isa = PBXBuildFile; fileRef = 4B32A24B295A83A8003629AA /* SegmentedControlView.swift */; };
		4B32A24E295A83C7003629AA /* UnderlineModifier.swift in Sources */ = {isa = PBXBuildFile; fileRef = 4B32A24D295A83C7003629AA /* UnderlineModifier.swift */; };
		4B331CE928F2FA20005B9E5C /* Helpers.swift in Sources */ = {isa = PBXBuildFile; fileRef = 4B331CE828F2FA20005B9E5C /* Helpers.swift */; };
		4B33930C290CAB1200A3B458 /* GoogleService-Info.plist in Resources */ = {isa = PBXBuildFile; fileRef = 4B33930B290CAB1200A3B458 /* GoogleService-Info.plist */; };
		4B33930D290CAB1200A3B458 /* GoogleService-Info.plist in Resources */ = {isa = PBXBuildFile; fileRef = 4B33930B290CAB1200A3B458 /* GoogleService-Info.plist */; };
		4B33930E290CAB1200A3B458 /* GoogleService-Info.plist in Resources */ = {isa = PBXBuildFile; fileRef = 4B33930B290CAB1200A3B458 /* GoogleService-Info.plist */; };
		4B339310290CABF500A3B458 /* ViewModel.swift in Sources */ = {isa = PBXBuildFile; fileRef = 4B33930F290CABF500A3B458 /* ViewModel.swift */; };
		4B339311290CABF500A3B458 /* ViewModel.swift in Sources */ = {isa = PBXBuildFile; fileRef = 4B33930F290CABF500A3B458 /* ViewModel.swift */; };
		4B339312290CABF500A3B458 /* ViewModel.swift in Sources */ = {isa = PBXBuildFile; fileRef = 4B33930F290CABF500A3B458 /* ViewModel.swift */; };
		4B3B67C728BC372F00525DCE /* GlobalStore.swift in Sources */ = {isa = PBXBuildFile; fileRef = 4B3B67C628BC372F00525DCE /* GlobalStore.swift */; };
		4B53EF1F28CE98DB004A17B8 /* 19705-chef.json in Resources */ = {isa = PBXBuildFile; fileRef = 4B53EF1E28CE98DB004A17B8 /* 19705-chef.json */; };
		4B53EF2128CEA6D3004A17B8 /* AboutView.swift in Sources */ = {isa = PBXBuildFile; fileRef = 4B53EF2028CEA6D3004A17B8 /* AboutView.swift */; };
		4B82784F28B7B58700E27584 /* MensaApp.swift in Sources */ = {isa = PBXBuildFile; fileRef = 4B82784E28B7B58700E27584 /* MensaApp.swift */; };
		4B82785128B7B58700E27584 /* ContentView.swift in Sources */ = {isa = PBXBuildFile; fileRef = 4B82785028B7B58700E27584 /* ContentView.swift */; };
		4B82785328B7B58800E27584 /* Assets.xcassets in Resources */ = {isa = PBXBuildFile; fileRef = 4B82785228B7B58800E27584 /* Assets.xcassets */; };
		4B82785628B7B58800E27584 /* Preview Assets.xcassets in Resources */ = {isa = PBXBuildFile; fileRef = 4B82785528B7B58800E27584 /* Preview Assets.xcassets */; };
		4B82786028B7B58800E27584 /* MensaTests.swift in Sources */ = {isa = PBXBuildFile; fileRef = 4B82785F28B7B58800E27584 /* MensaTests.swift */; };
		4B82786A28B7B58800E27584 /* MensaUITests.swift in Sources */ = {isa = PBXBuildFile; fileRef = 4B82786928B7B58800E27584 /* MensaUITests.swift */; };
		4B82786C28B7B58800E27584 /* MensaUITestsLaunchTests.swift in Sources */ = {isa = PBXBuildFile; fileRef = 4B82786B28B7B58800E27584 /* MensaUITestsLaunchTests.swift */; };
		4B82788028B7B77700E27584 /* SettingsView.swift in Sources */ = {isa = PBXBuildFile; fileRef = 4B82787F28B7B77700E27584 /* SettingsView.swift */; };
		4BBA03B22959223B00833437 /* DetailView.swift in Sources */ = {isa = PBXBuildFile; fileRef = 4BBA03B12959223B00833437 /* DetailView.swift */; };
		4BBA03B42959279B00833437 /* CardComponent.swift in Sources */ = {isa = PBXBuildFile; fileRef = 4BBA03B32959279B00833437 /* CardComponent.swift */; };
		4BBD4BF7290B3DA900676191 /* DataModel.swift in Sources */ = {isa = PBXBuildFile; fileRef = 4BBD4BF6290B3DA900676191 /* DataModel.swift */; };
		4BD1AFBC29B55FD600B13F21 /* FeedView.swift in Sources */ = {isa = PBXBuildFile; fileRef = 4BD1AFBB29B55FD600B13F21 /* FeedView.swift */; };
		4BD1AFBE29B5643600B13F21 /* FeedViewModel.swift in Sources */ = {isa = PBXBuildFile; fileRef = 4BD1AFBD29B5643600B13F21 /* FeedViewModel.swift */; };
		4BD7202F29E4DAEF00EBEC1D /* FirebaseCrashlytics in Frameworks */ = {isa = PBXBuildFile; productRef = 4BD7202E29E4DAEF00EBEC1D /* FirebaseCrashlytics */; };
		4BD7203129E4DAEF00EBEC1D /* FirebaseFirestore in Frameworks */ = {isa = PBXBuildFile; productRef = 4BD7203029E4DAEF00EBEC1D /* FirebaseFirestore */; };
		4BD7203329E4DAEF00EBEC1D /* FirebaseFirestoreSwift in Frameworks */ = {isa = PBXBuildFile; productRef = 4BD7203229E4DAEF00EBEC1D /* FirebaseFirestoreSwift */; };
		4BD7203629E4DB2400EBEC1D /* Lottie in Frameworks */ = {isa = PBXBuildFile; productRef = 4BD7203529E4DB2400EBEC1D /* Lottie */; };
		4BF333B029E4A0BE008B6D55 /* MenuView.swift in Sources */ = {isa = PBXBuildFile; fileRef = 4BF333AF29E4A0BE008B6D55 /* MenuView.swift */; };
		4BF333B229E4AB32008B6D55 /* BulletListView.swift in Sources */ = {isa = PBXBuildFile; fileRef = 4BF333B129E4AB32008B6D55 /* BulletListView.swift */; };
		4BF333B429E4AE64008B6D55 /* GlobalTestData.swift in Sources */ = {isa = PBXBuildFile; fileRef = 4BF333B329E4AE64008B6D55 /* GlobalTestData.swift */; };
/* End PBXBuildFile section */

/* Begin PBXContainerItemProxy section */
		4B82785C28B7B58800E27584 /* PBXContainerItemProxy */ = {
			isa = PBXContainerItemProxy;
			containerPortal = 4B82784328B7B58700E27584 /* Project object */;
			proxyType = 1;
			remoteGlobalIDString = 4B82784A28B7B58700E27584;
			remoteInfo = Mensa;
		};
		4B82786628B7B58800E27584 /* PBXContainerItemProxy */ = {
			isa = PBXContainerItemProxy;
			containerPortal = 4B82784328B7B58700E27584 /* Project object */;
			proxyType = 1;
			remoteGlobalIDString = 4B82784A28B7B58700E27584;
			remoteInfo = Mensa;
		};
/* End PBXContainerItemProxy section */

/* Begin PBXFileReference section */
		4B1184BF28C0291100CD8275 /* LottieView.swift */ = {isa = PBXFileReference; lastKnownFileType = sourcecode.swift; path = LottieView.swift; sourceTree = "<group>"; };
		4B32A249295A837A003629AA /* RectPreference.swift */ = {isa = PBXFileReference; lastKnownFileType = sourcecode.swift; path = RectPreference.swift; sourceTree = "<group>"; };
		4B32A24B295A83A8003629AA /* SegmentedControlView.swift */ = {isa = PBXFileReference; lastKnownFileType = sourcecode.swift; path = SegmentedControlView.swift; sourceTree = "<group>"; };
		4B32A24D295A83C7003629AA /* UnderlineModifier.swift */ = {isa = PBXFileReference; lastKnownFileType = sourcecode.swift; path = UnderlineModifier.swift; sourceTree = "<group>"; };
		4B331CE828F2FA20005B9E5C /* Helpers.swift */ = {isa = PBXFileReference; lastKnownFileType = sourcecode.swift; path = Helpers.swift; sourceTree = "<group>"; };
		4B33930B290CAB1200A3B458 /* GoogleService-Info.plist */ = {isa = PBXFileReference; fileEncoding = 4; lastKnownFileType = text.plist.xml; name = "GoogleService-Info.plist"; path = "../../GoogleService-Info.plist"; sourceTree = "<group>"; };
		4B33930F290CABF500A3B458 /* ViewModel.swift */ = {isa = PBXFileReference; lastKnownFileType = sourcecode.swift; path = ViewModel.swift; sourceTree = "<group>"; };
		4B3B67C628BC372F00525DCE /* GlobalStore.swift */ = {isa = PBXFileReference; lastKnownFileType = sourcecode.swift; path = GlobalStore.swift; sourceTree = "<group>"; };
		4B53EF1E28CE98DB004A17B8 /* 19705-chef.json */ = {isa = PBXFileReference; fileEncoding = 4; lastKnownFileType = text.json; path = "19705-chef.json"; sourceTree = "<group>"; };
		4B53EF2028CEA6D3004A17B8 /* AboutView.swift */ = {isa = PBXFileReference; lastKnownFileType = sourcecode.swift; path = AboutView.swift; sourceTree = "<group>"; };
		4B82784B28B7B58700E27584 /* Mensa.app */ = {isa = PBXFileReference; explicitFileType = wrapper.application; includeInIndex = 0; path = Mensa.app; sourceTree = BUILT_PRODUCTS_DIR; };
		4B82784E28B7B58700E27584 /* MensaApp.swift */ = {isa = PBXFileReference; lastKnownFileType = sourcecode.swift; path = MensaApp.swift; sourceTree = "<group>"; };
		4B82785028B7B58700E27584 /* ContentView.swift */ = {isa = PBXFileReference; lastKnownFileType = sourcecode.swift; path = ContentView.swift; sourceTree = "<group>"; };
		4B82785228B7B58800E27584 /* Assets.xcassets */ = {isa = PBXFileReference; lastKnownFileType = folder.assetcatalog; path = Assets.xcassets; sourceTree = "<group>"; };
		4B82785528B7B58800E27584 /* Preview Assets.xcassets */ = {isa = PBXFileReference; lastKnownFileType = folder.assetcatalog; path = "Preview Assets.xcassets"; sourceTree = "<group>"; };
		4B82785B28B7B58800E27584 /* MensaTests.xctest */ = {isa = PBXFileReference; explicitFileType = wrapper.cfbundle; includeInIndex = 0; path = MensaTests.xctest; sourceTree = BUILT_PRODUCTS_DIR; };
		4B82785F28B7B58800E27584 /* MensaTests.swift */ = {isa = PBXFileReference; lastKnownFileType = sourcecode.swift; path = MensaTests.swift; sourceTree = "<group>"; };
		4B82786528B7B58800E27584 /* MensaUITests.xctest */ = {isa = PBXFileReference; explicitFileType = wrapper.cfbundle; includeInIndex = 0; path = MensaUITests.xctest; sourceTree = BUILT_PRODUCTS_DIR; };
		4B82786928B7B58800E27584 /* MensaUITests.swift */ = {isa = PBXFileReference; lastKnownFileType = sourcecode.swift; path = MensaUITests.swift; sourceTree = "<group>"; };
		4B82786B28B7B58800E27584 /* MensaUITestsLaunchTests.swift */ = {isa = PBXFileReference; lastKnownFileType = sourcecode.swift; path = MensaUITestsLaunchTests.swift; sourceTree = "<group>"; };
		4B82787F28B7B77700E27584 /* SettingsView.swift */ = {isa = PBXFileReference; lastKnownFileType = sourcecode.swift; path = SettingsView.swift; sourceTree = "<group>"; };
		4BA2ABB028F0962000D108C4 /* Info.plist */ = {isa = PBXFileReference; lastKnownFileType = text.plist; path = Info.plist; sourceTree = "<group>"; };
		4BBA03B12959223B00833437 /* DetailView.swift */ = {isa = PBXFileReference; lastKnownFileType = sourcecode.swift; path = DetailView.swift; sourceTree = "<group>"; };
		4BBA03B32959279B00833437 /* CardComponent.swift */ = {isa = PBXFileReference; lastKnownFileType = sourcecode.swift; path = CardComponent.swift; sourceTree = "<group>"; };
		4BBD4BF6290B3DA900676191 /* DataModel.swift */ = {isa = PBXFileReference; lastKnownFileType = sourcecode.swift; path = DataModel.swift; sourceTree = "<group>"; };
		4BD1AFBB29B55FD600B13F21 /* FeedView.swift */ = {isa = PBXFileReference; lastKnownFileType = sourcecode.swift; path = FeedView.swift; sourceTree = "<group>"; };
		4BD1AFBD29B5643600B13F21 /* FeedViewModel.swift */ = {isa = PBXFileReference; lastKnownFileType = sourcecode.swift; path = FeedViewModel.swift; sourceTree = "<group>"; };
		4BF333AF29E4A0BE008B6D55 /* MenuView.swift */ = {isa = PBXFileReference; lastKnownFileType = sourcecode.swift; path = MenuView.swift; sourceTree = "<group>"; };
		4BF333B129E4AB32008B6D55 /* BulletListView.swift */ = {isa = PBXFileReference; lastKnownFileType = sourcecode.swift; path = BulletListView.swift; sourceTree = "<group>"; };
		4BF333B329E4AE64008B6D55 /* GlobalTestData.swift */ = {isa = PBXFileReference; lastKnownFileType = sourcecode.swift; path = GlobalTestData.swift; sourceTree = "<group>"; };
/* End PBXFileReference section */

/* Begin PBXFrameworksBuildPhase section */
		4B82784828B7B58700E27584 /* Frameworks */ = {
			isa = PBXFrameworksBuildPhase;
			buildActionMask = 2147483647;
			files = (
				4BD7202F29E4DAEF00EBEC1D /* FirebaseCrashlytics in Frameworks */,
				4BD7203129E4DAEF00EBEC1D /* FirebaseFirestore in Frameworks */,
				4BD7203329E4DAEF00EBEC1D /* FirebaseFirestoreSwift in Frameworks */,
				4BD7203629E4DB2400EBEC1D /* Lottie in Frameworks */,
			);
			runOnlyForDeploymentPostprocessing = 0;
		};
		4B82785828B7B58800E27584 /* Frameworks */ = {
			isa = PBXFrameworksBuildPhase;
			buildActionMask = 2147483647;
			files = (
			);
			runOnlyForDeploymentPostprocessing = 0;
		};
		4B82786228B7B58800E27584 /* Frameworks */ = {
			isa = PBXFrameworksBuildPhase;
			buildActionMask = 2147483647;
			files = (
			);
			runOnlyForDeploymentPostprocessing = 0;
		};
/* End PBXFrameworksBuildPhase section */

/* Begin PBXGroup section */
		4B1184BE28C028F900CD8275 /* LottieAnimations */ = {
			isa = PBXGroup;
			children = (
				4B53EF1E28CE98DB004A17B8 /* 19705-chef.json */,
				4B1184BF28C0291100CD8275 /* LottieView.swift */,
			);
			path = LottieAnimations;
			sourceTree = "<group>";
		};
		4B32A246295A8308003629AA /* SegmentedControl */ = {
			isa = PBXGroup;
			children = (
				4B32A249295A837A003629AA /* RectPreference.swift */,
				4B32A24B295A83A8003629AA /* SegmentedControlView.swift */,
				4B32A24D295A83C7003629AA /* UnderlineModifier.swift */,
			);
			path = SegmentedControl;
			sourceTree = "<group>";
		};
		4B32A251295A8BDA003629AA /* Model */ = {
			isa = PBXGroup;
			children = (
				4BBD4BF3290B3D2400676191 /* ViewModels */,
				4BBD4BF4290B3D5D00676191 /* Utils */,
			);
			path = Model;
			sourceTree = "<group>";
		};
		4B32A252295A8C9A003629AA /* Tabs */ = {
			isa = PBXGroup;
			children = (
				4BD1AFBF29B568FF00B13F21 /* Feed */,
			);
			path = Tabs;
			sourceTree = "<group>";
		};
		4B331CEC28F4C923005B9E5C /* Components */ = {
			isa = PBXGroup;
			children = (
				4B1184BE28C028F900CD8275 /* LottieAnimations */,
				4B32A246295A8308003629AA /* SegmentedControl */,
				4BF333B129E4AB32008B6D55 /* BulletListView.swift */,
			);
			path = Components;
			sourceTree = "<group>";
		};
		4B78651A29BAACCB00FBE400 /* Settings */ = {
			isa = PBXGroup;
			children = (
				4B82787F28B7B77700E27584 /* SettingsView.swift */,
			);
			path = Settings;
			sourceTree = "<group>";
		};
		4B78651B29BAACD200FBE400 /* Legal */ = {
			isa = PBXGroup;
			children = (
				4B53EF2028CEA6D3004A17B8 /* AboutView.swift */,
			);
			path = Legal;
			sourceTree = "<group>";
		};
		4B78651D29BAAD2600FBE400 /* Detail */ = {
			isa = PBXGroup;
			children = (
				4BBD4BF6290B3DA900676191 /* DataModel.swift */,
				4BBA03B12959223B00833437 /* DetailView.swift */,
				4BF333AF29E4A0BE008B6D55 /* MenuView.swift */,
			);
			path = Detail;
			sourceTree = "<group>";
		};
		4B82784228B7B58700E27584 = {
			isa = PBXGroup;
			children = (
				4B82784D28B7B58700E27584 /* Mensa */,
				4B82785E28B7B58800E27584 /* MensaTests */,
				4B82786828B7B58800E27584 /* MensaUITests */,
				4B82784C28B7B58700E27584 /* Products */,
			);
			sourceTree = "<group>";
		};
		4B82784C28B7B58700E27584 /* Products */ = {
			isa = PBXGroup;
			children = (
				4B82784B28B7B58700E27584 /* Mensa.app */,
				4B82785B28B7B58800E27584 /* MensaTests.xctest */,
				4B82786528B7B58800E27584 /* MensaUITests.xctest */,
			);
			name = Products;
			sourceTree = "<group>";
		};
		4B82784D28B7B58700E27584 /* Mensa */ = {
			isa = PBXGroup;
			children = (
				4B33930B290CAB1200A3B458 /* GoogleService-Info.plist */,
				4BA2ABB028F0962000D108C4 /* Info.plist */,
				4B32A251295A8BDA003629AA /* Model */,
				4B82787828B7B71300E27584 /* View */,
				4B82784E28B7B58700E27584 /* MensaApp.swift */,
				4B82785028B7B58700E27584 /* ContentView.swift */,
				4B82785228B7B58800E27584 /* Assets.xcassets */,
				4B82785428B7B58800E27584 /* Preview Content */,
			);
			path = Mensa;
			sourceTree = "<group>";
		};
		4B82785428B7B58800E27584 /* Preview Content */ = {
			isa = PBXGroup;
			children = (
				4B82785528B7B58800E27584 /* Preview Assets.xcassets */,
			);
			path = "Preview Content";
			sourceTree = "<group>";
		};
		4B82785E28B7B58800E27584 /* MensaTests */ = {
			isa = PBXGroup;
			children = (
				4B82785F28B7B58800E27584 /* MensaTests.swift */,
			);
			path = MensaTests;
			sourceTree = "<group>";
		};
		4B82786828B7B58800E27584 /* MensaUITests */ = {
			isa = PBXGroup;
			children = (
				4B82786928B7B58800E27584 /* MensaUITests.swift */,
				4B82786B28B7B58800E27584 /* MensaUITestsLaunchTests.swift */,
			);
			path = MensaUITests;
			sourceTree = "<group>";
		};
		4B82787828B7B71300E27584 /* View */ = {
			isa = PBXGroup;
			children = (
				4BF333B329E4AE64008B6D55 /* GlobalTestData.swift */,
				4B32A252295A8C9A003629AA /* Tabs */,
				4B331CEC28F4C923005B9E5C /* Components */,
			);
			path = View;
			sourceTree = "<group>";
		};
		4BBD4BF3290B3D2400676191 /* ViewModels */ = {
			isa = PBXGroup;
			children = (
				4B33930F290CABF500A3B458 /* ViewModel.swift */,
				4BD1AFBD29B5643600B13F21 /* FeedViewModel.swift */,
			);
			path = ViewModels;
			sourceTree = "<group>";
		};
		4BBD4BF4290B3D5D00676191 /* Utils */ = {
			isa = PBXGroup;
			children = (
				4B3B67C628BC372F00525DCE /* GlobalStore.swift */,
				4B331CE828F2FA20005B9E5C /* Helpers.swift */,
			);
			path = Utils;
			sourceTree = "<group>";
		};
		4BD1AFBF29B568FF00B13F21 /* Feed */ = {
			isa = PBXGroup;
			children = (
				4BD1AFBB29B55FD600B13F21 /* FeedView.swift */,
				4BBA03B32959279B00833437 /* CardComponent.swift */,
				4B78651B29BAACD200FBE400 /* Legal */,
				4B78651A29BAACCB00FBE400 /* Settings */,
				4B78651D29BAAD2600FBE400 /* Detail */,
			);
			path = Feed;
			sourceTree = "<group>";
		};
/* End PBXGroup section */

/* Begin PBXNativeTarget section */
		4B82784A28B7B58700E27584 /* Mensa */ = {
			isa = PBXNativeTarget;
			buildConfigurationList = 4B82786F28B7B58800E27584 /* Build configuration list for PBXNativeTarget "Mensa" */;
			buildPhases = (
				4B82784728B7B58700E27584 /* Sources */,
				4B82784828B7B58700E27584 /* Frameworks */,
				4B82784928B7B58700E27584 /* Resources */,
			);
			buildRules = (
			);
			dependencies = (
			);
			name = Mensa;
			packageProductDependencies = (
				4BD7202E29E4DAEF00EBEC1D /* FirebaseCrashlytics */,
				4BD7203029E4DAEF00EBEC1D /* FirebaseFirestore */,
				4BD7203229E4DAEF00EBEC1D /* FirebaseFirestoreSwift */,
				4BD7203529E4DB2400EBEC1D /* Lottie */,
			);
			productName = Mensa;
			productReference = 4B82784B28B7B58700E27584 /* Mensa.app */;
			productType = "com.apple.product-type.application";
		};
		4B82785A28B7B58800E27584 /* MensaTests */ = {
			isa = PBXNativeTarget;
			buildConfigurationList = 4B82787228B7B58800E27584 /* Build configuration list for PBXNativeTarget "MensaTests" */;
			buildPhases = (
				4B82785728B7B58800E27584 /* Sources */,
				4B82785828B7B58800E27584 /* Frameworks */,
				4B82785928B7B58800E27584 /* Resources */,
			);
			buildRules = (
			);
			dependencies = (
				4B82785D28B7B58800E27584 /* PBXTargetDependency */,
			);
			name = MensaTests;
			productName = MensaTests;
			productReference = 4B82785B28B7B58800E27584 /* MensaTests.xctest */;
			productType = "com.apple.product-type.bundle.unit-test";
		};
		4B82786428B7B58800E27584 /* MensaUITests */ = {
			isa = PBXNativeTarget;
			buildConfigurationList = 4B82787528B7B58800E27584 /* Build configuration list for PBXNativeTarget "MensaUITests" */;
			buildPhases = (
				4B82786128B7B58800E27584 /* Sources */,
				4B82786228B7B58800E27584 /* Frameworks */,
				4B82786328B7B58800E27584 /* Resources */,
			);
			buildRules = (
			);
			dependencies = (
				4B82786728B7B58800E27584 /* PBXTargetDependency */,
			);
			name = MensaUITests;
			productName = MensaUITests;
			productReference = 4B82786528B7B58800E27584 /* MensaUITests.xctest */;
			productType = "com.apple.product-type.bundle.ui-testing";
		};
/* End PBXNativeTarget section */

/* Begin PBXProject section */
		4B82784328B7B58700E27584 /* Project object */ = {
			isa = PBXProject;
			attributes = {
				BuildIndependentTargetsInParallel = 1;
				LastSwiftUpdateCheck = 1340;
				LastUpgradeCheck = 1340;
				TargetAttributes = {
					4B82784A28B7B58700E27584 = {
						CreatedOnToolsVersion = 13.4.1;
					};
					4B82785A28B7B58800E27584 = {
						CreatedOnToolsVersion = 13.4.1;
						TestTargetID = 4B82784A28B7B58700E27584;
					};
					4B82786428B7B58800E27584 = {
						CreatedOnToolsVersion = 13.4.1;
						TestTargetID = 4B82784A28B7B58700E27584;
					};
				};
			};
			buildConfigurationList = 4B82784628B7B58700E27584 /* Build configuration list for PBXProject "Mensa" */;
			compatibilityVersion = "Xcode 13.0";
			developmentRegion = en;
			hasScannedForEncodings = 0;
			knownRegions = (
				en,
				Base,
			);
			mainGroup = 4B82784228B7B58700E27584;
			packageReferences = (
				4BD7202D29E4DAEF00EBEC1D /* XCRemoteSwiftPackageReference "firebase-ios-sdk" */,
				4BD7203429E4DB2400EBEC1D /* XCRemoteSwiftPackageReference "lottie-ios" */,
			);
			productRefGroup = 4B82784C28B7B58700E27584 /* Products */;
			projectDirPath = "";
			projectRoot = "";
			targets = (
				4B82784A28B7B58700E27584 /* Mensa */,
				4B82785A28B7B58800E27584 /* MensaTests */,
				4B82786428B7B58800E27584 /* MensaUITests */,
			);
		};
/* End PBXProject section */

/* Begin PBXResourcesBuildPhase section */
		4B82784928B7B58700E27584 /* Resources */ = {
			isa = PBXResourcesBuildPhase;
			buildActionMask = 2147483647;
			files = (
				4B82785628B7B58800E27584 /* Preview Assets.xcassets in Resources */,
				4B33930C290CAB1200A3B458 /* GoogleService-Info.plist in Resources */,
				4B82785328B7B58800E27584 /* Assets.xcassets in Resources */,
				4B53EF1F28CE98DB004A17B8 /* 19705-chef.json in Resources */,
			);
			runOnlyForDeploymentPostprocessing = 0;
		};
		4B82785928B7B58800E27584 /* Resources */ = {
			isa = PBXResourcesBuildPhase;
			buildActionMask = 2147483647;
			files = (
				4B33930D290CAB1200A3B458 /* GoogleService-Info.plist in Resources */,
			);
			runOnlyForDeploymentPostprocessing = 0;
		};
		4B82786328B7B58800E27584 /* Resources */ = {
			isa = PBXResourcesBuildPhase;
			buildActionMask = 2147483647;
			files = (
				4B33930E290CAB1200A3B458 /* GoogleService-Info.plist in Resources */,
			);
			runOnlyForDeploymentPostprocessing = 0;
		};
/* End PBXResourcesBuildPhase section */

/* Begin PBXSourcesBuildPhase section */
		4B82784728B7B58700E27584 /* Sources */ = {
			isa = PBXSourcesBuildPhase;
			buildActionMask = 2147483647;
			files = (
				4BD1AFBC29B55FD600B13F21 /* FeedView.swift in Sources */,
				4B82785128B7B58700E27584 /* ContentView.swift in Sources */,
				4B331CE928F2FA20005B9E5C /* Helpers.swift in Sources */,
				4B53EF2128CEA6D3004A17B8 /* AboutView.swift in Sources */,
				4B339310290CABF500A3B458 /* ViewModel.swift in Sources */,
				4B3B67C728BC372F00525DCE /* GlobalStore.swift in Sources */,
				4BBA03B42959279B00833437 /* CardComponent.swift in Sources */,
				4BF333B029E4A0BE008B6D55 /* MenuView.swift in Sources */,
				4BF333B429E4AE64008B6D55 /* GlobalTestData.swift in Sources */,
				4B82784F28B7B58700E27584 /* MensaApp.swift in Sources */,
				4B32A24E295A83C7003629AA /* UnderlineModifier.swift in Sources */,
				4BF333B229E4AB32008B6D55 /* BulletListView.swift in Sources */,
				4B82788028B7B77700E27584 /* SettingsView.swift in Sources */,
				4B32A24A295A837A003629AA /* RectPreference.swift in Sources */,
				4BD1AFBE29B5643600B13F21 /* FeedViewModel.swift in Sources */,
				4B1184C028C0291100CD8275 /* LottieView.swift in Sources */,
				4B32A24C295A83A8003629AA /* SegmentedControlView.swift in Sources */,
				4BBD4BF7290B3DA900676191 /* DataModel.swift in Sources */,
				4BBA03B22959223B00833437 /* DetailView.swift in Sources */,
			);
			runOnlyForDeploymentPostprocessing = 0;
		};
		4B82785728B7B58800E27584 /* Sources */ = {
			isa = PBXSourcesBuildPhase;
			buildActionMask = 2147483647;
			files = (
				4B339311290CABF500A3B458 /* ViewModel.swift in Sources */,
				4B82786028B7B58800E27584 /* MensaTests.swift in Sources */,
			);
			runOnlyForDeploymentPostprocessing = 0;
		};
		4B82786128B7B58800E27584 /* Sources */ = {
			isa = PBXSourcesBuildPhase;
			buildActionMask = 2147483647;
			files = (
				4B82786A28B7B58800E27584 /* MensaUITests.swift in Sources */,
				4B339312290CABF500A3B458 /* ViewModel.swift in Sources */,
				4B82786C28B7B58800E27584 /* MensaUITestsLaunchTests.swift in Sources */,
			);
			runOnlyForDeploymentPostprocessing = 0;
		};
/* End PBXSourcesBuildPhase section */

/* Begin PBXTargetDependency section */
		4B82785D28B7B58800E27584 /* PBXTargetDependency */ = {
			isa = PBXTargetDependency;
			target = 4B82784A28B7B58700E27584 /* Mensa */;
			targetProxy = 4B82785C28B7B58800E27584 /* PBXContainerItemProxy */;
		};
		4B82786728B7B58800E27584 /* PBXTargetDependency */ = {
			isa = PBXTargetDependency;
			target = 4B82784A28B7B58700E27584 /* Mensa */;
			targetProxy = 4B82786628B7B58800E27584 /* PBXContainerItemProxy */;
		};
/* End PBXTargetDependency section */

/* Begin XCBuildConfiguration section */
		4B82786D28B7B58800E27584 /* Debug */ = {
			isa = XCBuildConfiguration;
			buildSettings = {
				ALWAYS_SEARCH_USER_PATHS = NO;
				CLANG_ANALYZER_NONNULL = YES;
				CLANG_ANALYZER_NUMBER_OBJECT_CONVERSION = YES_AGGRESSIVE;
				CLANG_CXX_LANGUAGE_STANDARD = "gnu++17";
				CLANG_ENABLE_MODULES = YES;
				CLANG_ENABLE_OBJC_ARC = YES;
				CLANG_ENABLE_OBJC_WEAK = YES;
				CLANG_WARN_BLOCK_CAPTURE_AUTORELEASING = YES;
				CLANG_WARN_BOOL_CONVERSION = YES;
				CLANG_WARN_COMMA = YES;
				CLANG_WARN_CONSTANT_CONVERSION = YES;
				CLANG_WARN_DEPRECATED_OBJC_IMPLEMENTATIONS = YES;
				CLANG_WARN_DIRECT_OBJC_ISA_USAGE = YES_ERROR;
				CLANG_WARN_DOCUMENTATION_COMMENTS = YES;
				CLANG_WARN_EMPTY_BODY = YES;
				CLANG_WARN_ENUM_CONVERSION = YES;
				CLANG_WARN_INFINITE_RECURSION = YES;
				CLANG_WARN_INT_CONVERSION = YES;
				CLANG_WARN_NON_LITERAL_NULL_CONVERSION = YES;
				CLANG_WARN_OBJC_IMPLICIT_RETAIN_SELF = YES;
				CLANG_WARN_OBJC_LITERAL_CONVERSION = YES;
				CLANG_WARN_OBJC_ROOT_CLASS = YES_ERROR;
				CLANG_WARN_QUOTED_INCLUDE_IN_FRAMEWORK_HEADER = YES;
				CLANG_WARN_RANGE_LOOP_ANALYSIS = YES;
				CLANG_WARN_STRICT_PROTOTYPES = YES;
				CLANG_WARN_SUSPICIOUS_MOVE = YES;
				CLANG_WARN_UNGUARDED_AVAILABILITY = YES_AGGRESSIVE;
				CLANG_WARN_UNREACHABLE_CODE = YES;
				CLANG_WARN__DUPLICATE_METHOD_MATCH = YES;
				COPY_PHASE_STRIP = NO;
				DEBUG_INFORMATION_FORMAT = dwarf;
				ENABLE_STRICT_OBJC_MSGSEND = YES;
				ENABLE_TESTABILITY = YES;
				GCC_C_LANGUAGE_STANDARD = gnu11;
				GCC_DYNAMIC_NO_PIC = NO;
				GCC_NO_COMMON_BLOCKS = YES;
				GCC_OPTIMIZATION_LEVEL = 0;
				GCC_PREPROCESSOR_DEFINITIONS = (
					"DEBUG=1",
					"$(inherited)",
				);
				GCC_WARN_64_TO_32_BIT_CONVERSION = YES;
				GCC_WARN_ABOUT_RETURN_TYPE = YES_ERROR;
				GCC_WARN_UNDECLARED_SELECTOR = YES;
				GCC_WARN_UNINITIALIZED_AUTOS = YES_AGGRESSIVE;
				GCC_WARN_UNUSED_FUNCTION = YES;
				GCC_WARN_UNUSED_VARIABLE = YES;
				IPHONEOS_DEPLOYMENT_TARGET = 16.0;
				MTL_ENABLE_DEBUG_INFO = INCLUDE_SOURCE;
				MTL_FAST_MATH = YES;
				ONLY_ACTIVE_ARCH = YES;
				SDKROOT = iphoneos;
				SWIFT_ACTIVE_COMPILATION_CONDITIONS = DEBUG;
				SWIFT_OPTIMIZATION_LEVEL = "-Onone";
			};
			name = Debug;
		};
		4B82786E28B7B58800E27584 /* Release */ = {
			isa = XCBuildConfiguration;
			buildSettings = {
				ALWAYS_SEARCH_USER_PATHS = NO;
				CLANG_ANALYZER_NONNULL = YES;
				CLANG_ANALYZER_NUMBER_OBJECT_CONVERSION = YES_AGGRESSIVE;
				CLANG_CXX_LANGUAGE_STANDARD = "gnu++17";
				CLANG_ENABLE_MODULES = YES;
				CLANG_ENABLE_OBJC_ARC = YES;
				CLANG_ENABLE_OBJC_WEAK = YES;
				CLANG_WARN_BLOCK_CAPTURE_AUTORELEASING = YES;
				CLANG_WARN_BOOL_CONVERSION = YES;
				CLANG_WARN_COMMA = YES;
				CLANG_WARN_CONSTANT_CONVERSION = YES;
				CLANG_WARN_DEPRECATED_OBJC_IMPLEMENTATIONS = YES;
				CLANG_WARN_DIRECT_OBJC_ISA_USAGE = YES_ERROR;
				CLANG_WARN_DOCUMENTATION_COMMENTS = YES;
				CLANG_WARN_EMPTY_BODY = YES;
				CLANG_WARN_ENUM_CONVERSION = YES;
				CLANG_WARN_INFINITE_RECURSION = YES;
				CLANG_WARN_INT_CONVERSION = YES;
				CLANG_WARN_NON_LITERAL_NULL_CONVERSION = YES;
				CLANG_WARN_OBJC_IMPLICIT_RETAIN_SELF = YES;
				CLANG_WARN_OBJC_LITERAL_CONVERSION = YES;
				CLANG_WARN_OBJC_ROOT_CLASS = YES_ERROR;
				CLANG_WARN_QUOTED_INCLUDE_IN_FRAMEWORK_HEADER = YES;
				CLANG_WARN_RANGE_LOOP_ANALYSIS = YES;
				CLANG_WARN_STRICT_PROTOTYPES = YES;
				CLANG_WARN_SUSPICIOUS_MOVE = YES;
				CLANG_WARN_UNGUARDED_AVAILABILITY = YES_AGGRESSIVE;
				CLANG_WARN_UNREACHABLE_CODE = YES;
				CLANG_WARN__DUPLICATE_METHOD_MATCH = YES;
				COPY_PHASE_STRIP = NO;
				DEBUG_INFORMATION_FORMAT = "dwarf-with-dsym";
				ENABLE_NS_ASSERTIONS = NO;
				ENABLE_STRICT_OBJC_MSGSEND = YES;
				GCC_C_LANGUAGE_STANDARD = gnu11;
				GCC_NO_COMMON_BLOCKS = YES;
				GCC_WARN_64_TO_32_BIT_CONVERSION = YES;
				GCC_WARN_ABOUT_RETURN_TYPE = YES_ERROR;
				GCC_WARN_UNDECLARED_SELECTOR = YES;
				GCC_WARN_UNINITIALIZED_AUTOS = YES_AGGRESSIVE;
				GCC_WARN_UNUSED_FUNCTION = YES;
				GCC_WARN_UNUSED_VARIABLE = YES;
				IPHONEOS_DEPLOYMENT_TARGET = 16.0;
				MTL_ENABLE_DEBUG_INFO = NO;
				MTL_FAST_MATH = YES;
				SDKROOT = iphoneos;
				SWIFT_COMPILATION_MODE = wholemodule;
				SWIFT_OPTIMIZATION_LEVEL = "-O";
				VALIDATE_PRODUCT = YES;
			};
			name = Release;
		};
		4B82787028B7B58800E27584 /* Debug */ = {
			isa = XCBuildConfiguration;
			buildSettings = {
				ASSETCATALOG_COMPILER_APPICON_NAME = AppIcon;
				ASSETCATALOG_COMPILER_GLOBAL_ACCENT_COLOR_NAME = AccentColor;
				CODE_SIGN_STYLE = Automatic;
				CURRENT_PROJECT_VERSION = 1;
				DEBUG_INFORMATION_FORMAT = "dwarf-with-dsym";
				DEVELOPMENT_ASSET_PATHS = "\"Mensa/Preview Content\"";
				DEVELOPMENT_TEAM = ZQ9QM5K92D;
				ENABLE_PREVIEWS = YES;
				GENERATE_INFOPLIST_FILE = YES;
				INFOPLIST_FILE = Mensa/Info.plist;
				INFOPLIST_KEY_UIApplicationSceneManifest_Generation = YES;
				INFOPLIST_KEY_UIApplicationSupportsIndirectInputEvents = YES;
				INFOPLIST_KEY_UILaunchScreen_Generation = YES;
				INFOPLIST_KEY_UISupportedInterfaceOrientations = UIInterfaceOrientationPortrait;
				INFOPLIST_KEY_UISupportedInterfaceOrientations_iPad = "UIInterfaceOrientationLandscapeLeft UIInterfaceOrientationLandscapeRight UIInterfaceOrientationPortrait UIInterfaceOrientationPortraitUpsideDown";
				LD_RUNPATH_SEARCH_PATHS = (
					"$(inherited)",
					"@executable_path/Frameworks",
				);
				MARKETING_VERSION = 1.0;
				PRODUCT_BUNDLE_IDENTIFIER = "de.timo-reusch.Mensa";
				PRODUCT_NAME = "$(TARGET_NAME)";
				SUPPORTED_PLATFORMS = "iphoneos iphonesimulator";
				SUPPORTS_MACCATALYST = NO;
				SUPPORTS_MAC_DESIGNED_FOR_IPHONE_IPAD = NO;
				SWIFT_EMIT_LOC_STRINGS = YES;
				SWIFT_VERSION = 5.0;
				TARGETED_DEVICE_FAMILY = 1;
			};
			name = Debug;
		};
		4B82787128B7B58800E27584 /* Release */ = {
			isa = XCBuildConfiguration;
			buildSettings = {
				ASSETCATALOG_COMPILER_APPICON_NAME = AppIcon;
				ASSETCATALOG_COMPILER_GLOBAL_ACCENT_COLOR_NAME = AccentColor;
				CODE_SIGN_STYLE = Automatic;
				CURRENT_PROJECT_VERSION = 1;
				DEVELOPMENT_ASSET_PATHS = "\"Mensa/Preview Content\"";
				DEVELOPMENT_TEAM = ZQ9QM5K92D;
				ENABLE_PREVIEWS = YES;
				GENERATE_INFOPLIST_FILE = YES;
				INFOPLIST_FILE = Mensa/Info.plist;
				INFOPLIST_KEY_UIApplicationSceneManifest_Generation = YES;
				INFOPLIST_KEY_UIApplicationSupportsIndirectInputEvents = YES;
				INFOPLIST_KEY_UILaunchScreen_Generation = YES;
				INFOPLIST_KEY_UISupportedInterfaceOrientations = UIInterfaceOrientationPortrait;
				INFOPLIST_KEY_UISupportedInterfaceOrientations_iPad = "UIInterfaceOrientationLandscapeLeft UIInterfaceOrientationLandscapeRight UIInterfaceOrientationPortrait UIInterfaceOrientationPortraitUpsideDown";
				LD_RUNPATH_SEARCH_PATHS = (
					"$(inherited)",
					"@executable_path/Frameworks",
				);
				MARKETING_VERSION = 1.0;
				PRODUCT_BUNDLE_IDENTIFIER = "de.timo-reusch.Mensa";
				PRODUCT_NAME = "$(TARGET_NAME)";
				SUPPORTED_PLATFORMS = "iphoneos iphonesimulator";
				SUPPORTS_MACCATALYST = NO;
				SUPPORTS_MAC_DESIGNED_FOR_IPHONE_IPAD = NO;
				SWIFT_EMIT_LOC_STRINGS = YES;
				SWIFT_VERSION = 5.0;
				TARGETED_DEVICE_FAMILY = 1;
			};
			name = Release;
		};
		4B82787328B7B58800E27584 /* Debug */ = {
			isa = XCBuildConfiguration;
			buildSettings = {
				ALWAYS_EMBED_SWIFT_STANDARD_LIBRARIES = YES;
				BUNDLE_LOADER = "$(TEST_HOST)";
				CODE_SIGN_STYLE = Automatic;
				CURRENT_PROJECT_VERSION = 1;
				DEVELOPMENT_TEAM = ZQ9QM5K92D;
				GENERATE_INFOPLIST_FILE = YES;
				IPHONEOS_DEPLOYMENT_TARGET = 15.5;
				MARKETING_VERSION = 1.0;
				PRODUCT_BUNDLE_IDENTIFIER = "de.timo-reusch.MensaTests";
				PRODUCT_NAME = "$(TARGET_NAME)";
				SWIFT_EMIT_LOC_STRINGS = NO;
				SWIFT_VERSION = 5.0;
				TARGETED_DEVICE_FAMILY = "1,2";
				TEST_HOST = "$(BUILT_PRODUCTS_DIR)/Mensa.app/Mensa";
			};
			name = Debug;
		};
		4B82787428B7B58800E27584 /* Release */ = {
			isa = XCBuildConfiguration;
			buildSettings = {
				ALWAYS_EMBED_SWIFT_STANDARD_LIBRARIES = YES;
				BUNDLE_LOADER = "$(TEST_HOST)";
				CODE_SIGN_STYLE = Automatic;
				CURRENT_PROJECT_VERSION = 1;
				DEVELOPMENT_TEAM = ZQ9QM5K92D;
				GENERATE_INFOPLIST_FILE = YES;
				IPHONEOS_DEPLOYMENT_TARGET = 15.5;
				MARKETING_VERSION = 1.0;
				PRODUCT_BUNDLE_IDENTIFIER = "de.timo-reusch.MensaTests";
				PRODUCT_NAME = "$(TARGET_NAME)";
				SWIFT_EMIT_LOC_STRINGS = NO;
				SWIFT_VERSION = 5.0;
				TARGETED_DEVICE_FAMILY = "1,2";
				TEST_HOST = "$(BUILT_PRODUCTS_DIR)/Mensa.app/Mensa";
			};
			name = Release;
		};
		4B82787628B7B58800E27584 /* Debug */ = {
			isa = XCBuildConfiguration;
			buildSettings = {
				ALWAYS_EMBED_SWIFT_STANDARD_LIBRARIES = YES;
				CODE_SIGN_STYLE = Automatic;
				CURRENT_PROJECT_VERSION = 1;
				DEVELOPMENT_TEAM = ZQ9QM5K92D;
				GENERATE_INFOPLIST_FILE = YES;
				MARKETING_VERSION = 1.0;
				PRODUCT_BUNDLE_IDENTIFIER = "de.timo-reusch.MensaUITests";
				PRODUCT_NAME = "$(TARGET_NAME)";
				SWIFT_EMIT_LOC_STRINGS = NO;
				SWIFT_VERSION = 5.0;
				TARGETED_DEVICE_FAMILY = "1,2";
				TEST_TARGET_NAME = Mensa;
			};
			name = Debug;
		};
		4B82787728B7B58800E27584 /* Release */ = {
			isa = XCBuildConfiguration;
			buildSettings = {
				ALWAYS_EMBED_SWIFT_STANDARD_LIBRARIES = YES;
				CODE_SIGN_STYLE = Automatic;
				CURRENT_PROJECT_VERSION = 1;
				DEVELOPMENT_TEAM = ZQ9QM5K92D;
				GENERATE_INFOPLIST_FILE = YES;
				MARKETING_VERSION = 1.0;
				PRODUCT_BUNDLE_IDENTIFIER = "de.timo-reusch.MensaUITests";
				PRODUCT_NAME = "$(TARGET_NAME)";
				SWIFT_EMIT_LOC_STRINGS = NO;
				SWIFT_VERSION = 5.0;
				TARGETED_DEVICE_FAMILY = "1,2";
				TEST_TARGET_NAME = Mensa;
			};
			name = Release;
		};
/* End XCBuildConfiguration section */

/* Begin XCConfigurationList section */
		4B82784628B7B58700E27584 /* Build configuration list for PBXProject "Mensa" */ = {
			isa = XCConfigurationList;
			buildConfigurations = (
				4B82786D28B7B58800E27584 /* Debug */,
				4B82786E28B7B58800E27584 /* Release */,
			);
			defaultConfigurationIsVisible = 0;
			defaultConfigurationName = Release;
		};
		4B82786F28B7B58800E27584 /* Build configuration list for PBXNativeTarget "Mensa" */ = {
			isa = XCConfigurationList;
			buildConfigurations = (
				4B82787028B7B58800E27584 /* Debug */,
				4B82787128B7B58800E27584 /* Release */,
			);
			defaultConfigurationIsVisible = 0;
			defaultConfigurationName = Release;
		};
		4B82787228B7B58800E27584 /* Build configuration list for PBXNativeTarget "MensaTests" */ = {
			isa = XCConfigurationList;
			buildConfigurations = (
				4B82787328B7B58800E27584 /* Debug */,
				4B82787428B7B58800E27584 /* Release */,
			);
			defaultConfigurationIsVisible = 0;
			defaultConfigurationName = Release;
		};
		4B82787528B7B58800E27584 /* Build configuration list for PBXNativeTarget "MensaUITests" */ = {
			isa = XCConfigurationList;
			buildConfigurations = (
				4B82787628B7B58800E27584 /* Debug */,
				4B82787728B7B58800E27584 /* Release */,
			);
			defaultConfigurationIsVisible = 0;
			defaultConfigurationName = Release;
		};
/* End XCConfigurationList section */

/* Begin XCRemoteSwiftPackageReference section */
		4BD7202D29E4DAEF00EBEC1D /* XCRemoteSwiftPackageReference "firebase-ios-sdk" */ = {
			isa = XCRemoteSwiftPackageReference;
			repositoryURL = "https://github.com/firebase/firebase-ios-sdk.git";
			requirement = {
				kind = upToNextMajorVersion;
				minimumVersion = 10.0.0;
			};
		};
		4BD7203429E4DB2400EBEC1D /* XCRemoteSwiftPackageReference "lottie-ios" */ = {
			isa = XCRemoteSwiftPackageReference;
			repositoryURL = "https://github.com/airbnb/lottie-ios.git";
			requirement = {
				kind = upToNextMajorVersion;
				minimumVersion = 4.0.0;
			};
		};
/* End XCRemoteSwiftPackageReference section */

/* Begin XCSwiftPackageProductDependency section */
		4BD7202E29E4DAEF00EBEC1D /* FirebaseCrashlytics */ = {
			isa = XCSwiftPackageProductDependency;
			package = 4BD7202D29E4DAEF00EBEC1D /* XCRemoteSwiftPackageReference "firebase-ios-sdk" */;
			productName = FirebaseCrashlytics;
		};
		4BD7203029E4DAEF00EBEC1D /* FirebaseFirestore */ = {
			isa = XCSwiftPackageProductDependency;
			package = 4BD7202D29E4DAEF00EBEC1D /* XCRemoteSwiftPackageReference "firebase-ios-sdk" */;
			productName = FirebaseFirestore;
		};
		4BD7203229E4DAEF00EBEC1D /* FirebaseFirestoreSwift */ = {
			isa = XCSwiftPackageProductDependency;
			package = 4BD7202D29E4DAEF00EBEC1D /* XCRemoteSwiftPackageReference "firebase-ios-sdk" */;
			productName = FirebaseFirestoreSwift;
		};
		4BD7203529E4DB2400EBEC1D /* Lottie */ = {
			isa = XCSwiftPackageProductDependency;
			package = 4BD7203429E4DB2400EBEC1D /* XCRemoteSwiftPackageReference "lottie-ios" */;
			productName = Lottie;
		};
/* End XCSwiftPackageProductDependency section */
	};
	rootObject = 4B82784328B7B58700E27584 /* Project object */;
}
